
Microsoft Visual Studio Solution File, Format Version 12.00
# Visual Studio Version 16
VisualStudioVersion = 16.0.30320.27
MinimumVisualStudioVersion = 10.0.40219.1
Project("{FAE04EC0-301F-11D3-BF4B-00C04F79EFBC}") = "ProjetoLyncas Teste", "ProjetoLyncas Teste\ProjetoLyncas Teste.csproj", "{88DD4447-2FEF-4CF1-A9EA-97FA5D4D03AC}"
EndProject
Global
	GlobalSection(SolutionConfigurationPlatforms) = preSolution
		Debug|Any CPU = Debug|Any CPU
		Release|Any CPU = Release|Any CPU
	EndGlobalSection
	GlobalSection(ProjectConfigurationPlatforms) = postSolution
		{88DD4447-2FEF-4CF1-A9EA-97FA5D4D03AC}.Debug|Any CPU.ActiveCfg = Debug|Any CPU
		{88DD4447-2FEF-4CF1-A9EA-97FA5D4D03AC}.Debug|Any CPU.Build.0 = Debug|Any CPU
		{88DD4447-2FEF-4CF1-A9EA-97FA5D4D03AC}.Release|Any CPU.ActiveCfg = Release|Any CPU
		{88DD4447-2FEF-4CF1-A9EA-97FA5D4D03AC}.Release|Any CPU.Build.0 = Release|Any CPU
	EndGlobalSection
	GlobalSection(SolutionProperties) = preSolution
		HideSolutionNode = FALSE
	EndGlobalSection
	GlobalSection(ExtensibilityGlobals) = postSolution
		SolutionGuid = {F564CC60-3DFF-487F-B744-68518CE630B0}
	EndGlobalSection
EndGlobal
